{
  "object": {
    "pins": [
      {
        "package": "Runestone",
        "repositoryURL": "https://github.com/flinteger/Runestone",
        "state": {
          "branch": "main",
          "revision": "12b9f4211a6371486c745eb831cf55f29c74f1f5",
          "version": null
        }
      },
      {
        "package": "TreeSitter",
        "repositoryURL": "https://github.com/tree-sitter/tree-sitter",
        "state": {
          "branch": null,
          "revision": "534c4a074cd461ab30d1c8a54bf733d3050221a0",
          "version": "0.26.6"
        }
      }
    ]
  },
  "version": 1
}
